{
  "nodes": {
    "flake-utils": {
      "inputs": {
        "systems": "systems"
      },
      "locked": {
        "lastModified": 1681202837,
        "narHash": "sha256-H+Rh19JDwRtpVPAWp64F+rlEtxUWBAQW28eAi3SRSzg=",
        "owner": "numtide",
        "repo": "flake-utils",
        "rev": "cfacdce06f30d2b68473a46042957675eebb3401",
        "type": "github"
      },
      "original": {
        "owner": "numtide",
        "repo": "flake-utils",
        "type": "github"
      }
    },
    "journeys05-csv": {
      "flake": false,
      "locked": {
        "narHash": "sha256-I9Dm/uhd7ACnv6NBHKLfgHxrDEA5tGiAPQ5vr0I+0EE=",
        "type": "file",
        "url": "https://dev.hsl.fi/citybikes/od-trips-2021/2021-05.csv"
      },
      "original": {
        "type": "file",
        "url": "https://dev.hsl.fi/citybikes/od-trips-2021/2021-05.csv"
      }
    },
    "journeys06-csv": {
      "flake": false,
      "locked": {
        "narHash": "sha256-IvTQd23cLZaTyPN9Nw8iooSY201FqCuEhM42Mz1wEEk=",
        "type": "file",
        "url": "https://dev.hsl.fi/citybikes/od-trips-2021/2021-06.csv"
      },
      "original": {
        "type": "file",
        "url": "https://dev.hsl.fi/citybikes/od-trips-2021/2021-06.csv"
      }
    },
    "journeys07-csv": {
      "flake": false,
      "locked": {
        "narHash": "sha256-SUd1mvJ7hwKVVFvdoQg9lBAmk1QpSjodVaUaFopsjsE=",
        "type": "file",
        "url": "https://dev.hsl.fi/citybikes/od-trips-2021/2021-07.csv"
      },
      "original": {
        "type": "file",
        "url": "https://dev.hsl.fi/citybikes/od-trips-2021/2021-07.csv"
      }
    },
    "nixpkgs": {
      "locked": {
        "lastModified": 1684120848,
        "narHash": "sha256-gIwJ5ac1FwZEkCRwjY+gLwgD4G1Bw3Xtr2jr2XihMPo=",
        "owner": "NixOS",
        "repo": "nixpkgs",
        "rev": "0cb867999eec4085e1c9ca61c09b72261fa63bb4",
        "type": "github"
      },
      "original": {
        "id": "nixpkgs",
        "type": "indirect"
      }
    },
    "root": {
      "inputs": {
        "flake-utils": "flake-utils",
        "journeys05-csv": "journeys05-csv",
        "journeys06-csv": "journeys06-csv",
        "journeys07-csv": "journeys07-csv",
        "nixpkgs": "nixpkgs",
        "stations-csv": "stations-csv"
      }
    },
    "stations-csv": {
      "flake": false,
      "locked": {
        "narHash": "sha256-3E/vzgmT84KtwvSpxyyF61cl8h2lFyliIjVU+7YABQU=",
        "type": "file",
        "url": "https://opendata.arcgis.com/datasets/726277c507ef4914b0aec3cbcfcbfafc_0.csv"
      },
      "original": {
        "type": "file",
        "url": "https://opendata.arcgis.com/datasets/726277c507ef4914b0aec3cbcfcbfafc_0.csv"
      }
    },
    "systems": {
      "locked": {
        "lastModified": 1681028828,
        "narHash": "sha256-Vy1rq5AaRuLzOxct8nz4T6wlgyUR7zLU309k9mBC768=",
        "owner": "nix-systems",
        "repo": "default",
        "rev": "da67096a3b9bf56a91d16901293e51ba5b49a27e",
        "type": "github"
      },
      "original": {
        "owner": "nix-systems",
        "repo": "default",
        "type": "github"
      }
    }
  },
  "root": "root",
  "version": 7
}
